
Microsoft Visual Studio Solution File, Format Version 12.00
# Visual Studio Version 17
VisualStudioVersion = 17.6.33829.357
MinimumVisualStudioVersion = 10.0.40219.1
Project("{9A19103F-16F7-4668-BE54-9A1E7A4F7556}") = "HelloWorld", "HelloWorld\HelloWorld.csproj", "{201DB1DA-1582-42D4-AC0E-E2C200E52369}"
EndProject
Global
	GlobalSection(SolutionConfigurationPlatforms) = preSolution
		Debug|Any CPU = Debug|Any CPU
		Release|Any CPU = Release|Any CPU
	EndGlobalSection
	GlobalSection(ProjectConfigurationPlatforms) = postSolution
		{201DB1DA-1582-42D4-AC0E-E2C200E52369}.Debug|Any CPU.ActiveCfg = Debug|Any CPU
		{201DB1DA-1582-42D4-AC0E-E2C200E52369}.Debug|Any CPU.Build.0 = Debug|Any CPU
		{201DB1DA-1582-42D4-AC0E-E2C200E52369}.Release|Any CPU.ActiveCfg = Release|Any CPU
		{201DB1DA-1582-42D4-AC0E-E2C200E52369}.Release|Any CPU.Build.0 = Release|Any CPU
	EndGlobalSection
	GlobalSection(SolutionProperties) = preSolution
		HideSolutionNode = FALSE
	EndGlobalSection
	GlobalSection(ExtensibilityGlobals) = postSolution
		SolutionGuid = {751AF20B-1376-472A-84A9-CC6CE5CC8D73}
	EndGlobalSection
EndGlobal
